# This file is automatically @generated by Cargo.
# It is not intended for manual editing.
[[package]]
name = "json-to-sh"
version = "0.1.0"
dependencies = [
 "streaming-iterator 0.1.4 (registry+https://github.com/rust-lang/crates.io-index)",
]

[[package]]
name = "streaming-iterator"
version = "0.1.4"
source = "registry+https://github.com/rust-lang/crates.io-index"

[metadata]
"checksum streaming-iterator 0.1.4 (registry+https://github.com/rust-lang/crates.io-index)" = "17d72234b03da7257de2dc6c330d2c236d2b46e76b1094c9a1c75a0ca29b0c2f"
